
Microsoft Visual Studio Solution File, Format Version 11.00
# Visual Studio 2010
Project("{FAE04EC0-301F-11D3-BF4B-00C04F79EFBC}") = "JavaScript.BackboneVsKnockout.Web", "JavaScript.BackboneVsKnockout.Web\JavaScript.BackboneVsKnockout.Web.csproj", "{1F878B01-360F-477F-AAB5-9865B195DF0C}"
EndProject
Global
	GlobalSection(SolutionConfigurationPlatforms) = preSolution
		Debug|Any CPU = Debug|Any CPU
		Release|Any CPU = Release|Any CPU
	EndGlobalSection
	GlobalSection(ProjectConfigurationPlatforms) = postSolution
		{1F878B01-360F-477F-AAB5-9865B195DF0C}.Debug|Any CPU.ActiveCfg = Debug|Any CPU
		{1F878B01-360F-477F-AAB5-9865B195DF0C}.Debug|Any CPU.Build.0 = Debug|Any CPU
		{1F878B01-360F-477F-AAB5-9865B195DF0C}.Release|Any CPU.ActiveCfg = Release|Any CPU
		{1F878B01-360F-477F-AAB5-9865B195DF0C}.Release|Any CPU.Build.0 = Release|Any CPU
	EndGlobalSection
	GlobalSection(SolutionProperties) = preSolution
		HideSolutionNode = FALSE
	EndGlobalSection
EndGlobal
